
Microsoft Visual Studio Solution File, Format Version 12.00
# Visual Studio 15
VisualStudioVersion = 15.0.28307.1267
MinimumVisualStudioVersion = 10.0.40219.1
Project("{FAE04EC0-301F-11D3-BF4B-00C04F79EFBC}") = "ClientReservasi-2016009", "ClientReservasi-2016009\ClientReservasi-2016009.csproj", "{5EE9C613-8A48-42D4-83F9-CC8AF55A6B0A}"
EndProject
Global
	GlobalSection(SolutionConfigurationPlatforms) = preSolution
		Debug|Any CPU = Debug|Any CPU
		Release|Any CPU = Release|Any CPU
	EndGlobalSection
	GlobalSection(ProjectConfigurationPlatforms) = postSolution
		{5EE9C613-8A48-42D4-83F9-CC8AF55A6B0A}.Debug|Any CPU.ActiveCfg = Debug|Any CPU
		{5EE9C613-8A48-42D4-83F9-CC8AF55A6B0A}.Debug|Any CPU.Build.0 = Debug|Any CPU
		{5EE9C613-8A48-42D4-83F9-CC8AF55A6B0A}.Release|Any CPU.ActiveCfg = Release|Any CPU
		{5EE9C613-8A48-42D4-83F9-CC8AF55A6B0A}.Release|Any CPU.Build.0 = Release|Any CPU
	EndGlobalSection
	GlobalSection(SolutionProperties) = preSolution
		HideSolutionNode = FALSE
	EndGlobalSection
	GlobalSection(ExtensibilityGlobals) = postSolution
		SolutionGuid = {A035808D-13F3-4806-9240-5E107850E9C6}
	EndGlobalSection
EndGlobal
